// !$*UTF8*$!
{
	archiveVersion = 1;
	classes = {
	};
	objectVersion = 48;
	objects = {

/* Begin PBXBuildFile section */
		9D14BB0598FD4F21C9AECCF6 /* Pods_todoey.framework in Frameworks */ = {isa = PBXBuildFile; fileRef = 6650DFF48E60F83A55C0B847 /* Pods_todoey.framework */; };
		FAAF9DDE2003A290001BF368 /* AppDelegate.swift in Sources */ = {isa = PBXBuildFile; fileRef = FAAF9DDD2003A290001BF368 /* AppDelegate.swift */; };
		FAAF9DE02003A290001BF368 /* TodoListViewController.swift in Sources */ = {isa = PBXBuildFile; fileRef = FAAF9DDF2003A290001BF368 /* TodoListViewController.swift */; };
		FAAF9DE32003A290001BF368 /* Main.storyboard in Resources */ = {isa = PBXBuildFile; fileRef = FAAF9DE12003A290001BF368 /* Main.storyboard */; };
		FAAF9DE52003A290001BF368 /* Assets.xcassets in Resources */ = {isa = PBXBuildFile; fileRef = FAAF9DE42003A290001BF368 /* Assets.xcassets */; };
		FAAF9DE82003A290001BF368 /* LaunchScreen.storyboard in Resources */ = {isa = PBXBuildFile; fileRef = FAAF9DE62003A290001BF368 /* LaunchScreen.storyboard */; };
		FAC73CAF2007669400C7D559 /* CategoryViewController.swift in Sources */ = {isa = PBXBuildFile; fileRef = FAC73CAE2007669400C7D559 /* CategoryViewController.swift */; };
		FAC73CB320093FB700C7D559 /* Item.swift in Sources */ = {isa = PBXBuildFile; fileRef = FAC73CB220093FB700C7D559 /* Item.swift */; };
		FAC73CB520093FC200C7D559 /* Category.swift in Sources */ = {isa = PBXBuildFile; fileRef = FAC73CB420093FC200C7D559 /* Category.swift */; };
/* End PBXBuildFile section */

/* Begin PBXFileReference section */
		0B60D742ED189B6A5EFDECFA /* Pods-todoey.debug.xcconfig */ = {isa = PBXFileReference; includeInIndex = 1; lastKnownFileType = text.xcconfig; name = "Pods-todoey.debug.xcconfig"; path = "Pods/Target Support Files/Pods-todoey/Pods-todoey.debug.xcconfig"; sourceTree = "<group>"; };
		6650DFF48E60F83A55C0B847 /* Pods_todoey.framework */ = {isa = PBXFileReference; explicitFileType = wrapper.framework; includeInIndex = 0; path = Pods_todoey.framework; sourceTree = BUILT_PRODUCTS_DIR; };
		C6FBAFE3F24FF5CCE283EF77 /* Pods-todoey.release.xcconfig */ = {isa = PBXFileReference; includeInIndex = 1; lastKnownFileType = text.xcconfig; name = "Pods-todoey.release.xcconfig"; path = "Pods/Target Support Files/Pods-todoey/Pods-todoey.release.xcconfig"; sourceTree = "<group>"; };
		FAAF9DDA2003A290001BF368 /* todoey.app */ = {isa = PBXFileReference; explicitFileType = wrapper.application; includeInIndex = 0; path = todoey.app; sourceTree = BUILT_PRODUCTS_DIR; };
		FAAF9DDD2003A290001BF368 /* AppDelegate.swift */ = {isa = PBXFileReference; lastKnownFileType = sourcecode.swift; path = AppDelegate.swift; sourceTree = "<group>"; };
		FAAF9DDF2003A290001BF368 /* TodoListViewController.swift */ = {isa = PBXFileReference; lastKnownFileType = sourcecode.swift; path = TodoListViewController.swift; sourceTree = "<group>"; };
		FAAF9DE22003A290001BF368 /* Base */ = {isa = PBXFileReference; lastKnownFileType = file.storyboard; name = Base; path = Base.lproj/Main.storyboard; sourceTree = "<group>"; };
		FAAF9DE42003A290001BF368 /* Assets.xcassets */ = {isa = PBXFileReference; lastKnownFileType = folder.assetcatalog; path = Assets.xcassets; sourceTree = "<group>"; };
		FAAF9DE72003A290001BF368 /* Base */ = {isa = PBXFileReference; lastKnownFileType = file.storyboard; name = Base; path = Base.lproj/LaunchScreen.storyboard; sourceTree = "<group>"; };
		FAAF9DE92003A290001BF368 /* Info.plist */ = {isa = PBXFileReference; lastKnownFileType = text.plist.xml; path = Info.plist; sourceTree = "<group>"; };
		FAC73CAE2007669400C7D559 /* CategoryViewController.swift */ = {isa = PBXFileReference; lastKnownFileType = sourcecode.swift; path = CategoryViewController.swift; sourceTree = "<group>"; };
		FAC73CB220093FB700C7D559 /* Item.swift */ = {isa = PBXFileReference; lastKnownFileType = sourcecode.swift; path = Item.swift; sourceTree = "<group>"; };
		FAC73CB420093FC200C7D559 /* Category.swift */ = {isa = PBXFileReference; lastKnownFileType = sourcecode.swift; path = Category.swift; sourceTree = "<group>"; };
/* End PBXFileReference section */

/* Begin PBXFrameworksBuildPhase section */
		FAAF9DD72003A290001BF368 /* Frameworks */ = {
			isa = PBXFrameworksBuildPhase;
			buildActionMask = 2147483647;
			files = (
				9D14BB0598FD4F21C9AECCF6 /* Pods_todoey.framework in Frameworks */,
			);
			runOnlyForDeploymentPostprocessing = 0;
		};
/* End PBXFrameworksBuildPhase section */

/* Begin PBXGroup section */
		31BF2179DA39C22DD8E6BE2E /* Frameworks */ = {
			isa = PBXGroup;
			children = (
				6650DFF48E60F83A55C0B847 /* Pods_todoey.framework */,
			);
			name = Frameworks;
			sourceTree = "<group>";
		};
		8A340BF052E2F38973ED66FF /* Pods */ = {
			isa = PBXGroup;
			children = (
				0B60D742ED189B6A5EFDECFA /* Pods-todoey.debug.xcconfig */,
				C6FBAFE3F24FF5CCE283EF77 /* Pods-todoey.release.xcconfig */,
			);
			name = Pods;
			sourceTree = "<group>";
		};
		FAAF9DD12003A290001BF368 = {
			isa = PBXGroup;
			children = (
				FAAF9DDC2003A290001BF368 /* todoey */,
				FAAF9DDB2003A290001BF368 /* Products */,
				8A340BF052E2F38973ED66FF /* Pods */,
				31BF2179DA39C22DD8E6BE2E /* Frameworks */,
			);
			sourceTree = "<group>";
		};
		FAAF9DDB2003A290001BF368 /* Products */ = {
			isa = PBXGroup;
			children = (
				FAAF9DDA2003A290001BF368 /* todoey.app */,
			);
			name = Products;
			sourceTree = "<group>";
		};
		FAAF9DDC2003A290001BF368 /* todoey */ = {
			isa = PBXGroup;
			children = (
				FAAF9DDD2003A290001BF368 /* AppDelegate.swift */,
				FAAF9DF22004DA3D001BF368 /* Controllers */,
				FAAF9DF12004D9F0001BF368 /* Data Model */,
				FAAF9DF32004DA53001BF368 /* Views */,
				FAAF9DF42004DA6A001BF368 /* Supporting Files */,
				FAAF9DE92003A290001BF368 /* Info.plist */,
			);
			path = todoey;
			sourceTree = "<group>";
		};
		FAAF9DF12004D9F0001BF368 /* Data Model */ = {
			isa = PBXGroup;
			children = (
				FAC73CB220093FB700C7D559 /* Item.swift */,
				FAC73CB420093FC200C7D559 /* Category.swift */,
			);
			path = "Data Model";
			sourceTree = "<group>";
		};
		FAAF9DF22004DA3D001BF368 /* Controllers */ = {
			isa = PBXGroup;
			children = (
				FAC73CAE2007669400C7D559 /* CategoryViewController.swift */,
				FAAF9DDF2003A290001BF368 /* TodoListViewController.swift */,
			);
			path = Controllers;
			sourceTree = "<group>";
		};
		FAAF9DF32004DA53001BF368 /* Views */ = {
			isa = PBXGroup;
			children = (
				FAAF9DE12003A290001BF368 /* Main.storyboard */,
			);
			path = Views;
			sourceTree = "<group>";
		};
		FAAF9DF42004DA6A001BF368 /* Supporting Files */ = {
			isa = PBXGroup;
			children = (
				FAAF9DE42003A290001BF368 /* Assets.xcassets */,
				FAAF9DE62003A290001BF368 /* LaunchScreen.storyboard */,
			);
			path = "Supporting Files";
			sourceTree = "<group>";
		};
/* End PBXGroup section */

/* Begin PBXNativeTarget section */
		FAAF9DD92003A290001BF368 /* todoey */ = {
			isa = PBXNativeTarget;
			buildConfigurationList = FAAF9DEC2003A290001BF368 /* Build configuration list for PBXNativeTarget "todoey" */;
			buildPhases = (
				BF4CCAC25133212356B17A48 /* [CP] Check Pods Manifest.lock */,
				FAAF9DD62003A290001BF368 /* Sources */,
				FAAF9DD72003A290001BF368 /* Frameworks */,
				FAAF9DD82003A290001BF368 /* Resources */,
				E282704470294B2736243650 /* [CP] Embed Pods Frameworks */,
				7BB26FC8ED11ABE18B32B7B2 /* [CP] Copy Pods Resources */,
			);
			buildRules = (
			);
			dependencies = (
			);
			name = todoey;
			productName = todoey;
			productReference = FAAF9DDA2003A290001BF368 /* todoey.app */;
			productType = "com.apple.product-type.application";
		};
/* End PBXNativeTarget section */

/* Begin PBXProject section */
		FAAF9DD22003A290001BF368 /* Project object */ = {
			isa = PBXProject;
			attributes = {
				LastSwiftUpdateCheck = 0920;
				LastUpgradeCheck = 0920;
				ORGANIZATIONNAME = Wimu;
				TargetAttributes = {
					FAAF9DD92003A290001BF368 = {
						CreatedOnToolsVersion = 9.2;
						ProvisioningStyle = Automatic;
					};
				};
			};
			buildConfigurationList = FAAF9DD52003A290001BF368 /* Build configuration list for PBXProject "todoey" */;
			compatibilityVersion = "Xcode 8.0";
			developmentRegion = en;
			hasScannedForEncodings = 0;
			knownRegions = (
				en,
				Base,
			);
			mainGroup = FAAF9DD12003A290001BF368;
			productRefGroup = FAAF9DDB2003A290001BF368 /* Products */;
			projectDirPath = "";
			projectRoot = "";
			targets = (
				FAAF9DD92003A290001BF368 /* todoey */,
			);
		};
/* End PBXProject section */

/* Begin PBXResourcesBuildPhase section */
		FAAF9DD82003A290001BF368 /* Resources */ = {
			isa = PBXResourcesBuildPhase;
			buildActionMask = 2147483647;
			files = (
				FAAF9DE82003A290001BF368 /* LaunchScreen.storyboard in Resources */,
				FAAF9DE52003A290001BF368 /* Assets.xcassets in Resources */,
				FAAF9DE32003A290001BF368 /* Main.storyboard in Resources */,
			);
			runOnlyForDeploymentPostprocessing = 0;
		};
/* End PBXResourcesBuildPhase section */

/* Begin PBXShellScriptBuildPhase section */
		7BB26FC8ED11ABE18B32B7B2 /* [CP] Copy Pods Resources */ = {
			isa = PBXShellScriptBuildPhase;
			buildActionMask = 2147483647;
			files = (
			);
			inputPaths = (
			);
			name = "[CP] Copy Pods Resources";
			outputPaths = (
			);
			runOnlyForDeploymentPostprocessing = 0;
			shellPath = /bin/sh;
			shellScript = "\"${SRCROOT}/Pods/Target Support Files/Pods-todoey/Pods-todoey-resources.sh\"\n";
			showEnvVarsInLog = 0;
		};
		BF4CCAC25133212356B17A48 /* [CP] Check Pods Manifest.lock */ = {
			isa = PBXShellScriptBuildPhase;
			buildActionMask = 2147483647;
			files = (
			);
			inputPaths = (
				"${PODS_PODFILE_DIR_PATH}/Podfile.lock",
				"${PODS_ROOT}/Manifest.lock",
			);
			name = "[CP] Check Pods Manifest.lock";
			outputPaths = (
				"$(DERIVED_FILE_DIR)/Pods-todoey-checkManifestLockResult.txt",
			);
			runOnlyForDeploymentPostprocessing = 0;
			shellPath = /bin/sh;
			shellScript = "diff \"${PODS_PODFILE_DIR_PATH}/Podfile.lock\" \"${PODS_ROOT}/Manifest.lock\" > /dev/null\nif [ $? != 0 ] ; then\n    # print error to STDERR\n    echo \"error: The sandbox is not in sync with the Podfile.lock. Run 'pod install' or update your CocoaPods installation.\" >&2\n    exit 1\nfi\n# This output is used by Xcode 'outputs' to avoid re-running this script phase.\necho \"SUCCESS\" > \"${SCRIPT_OUTPUT_FILE_0}\"\n";
			showEnvVarsInLog = 0;
		};
		E282704470294B2736243650 /* [CP] Embed Pods Frameworks */ = {
			isa = PBXShellScriptBuildPhase;
			buildActionMask = 2147483647;
			files = (
			);
			inputPaths = (
				"${SRCROOT}/Pods/Target Support Files/Pods-todoey/Pods-todoey-frameworks.sh",
				"${BUILT_PRODUCTS_DIR}/Realm/Realm.framework",
				"${BUILT_PRODUCTS_DIR}/RealmSwift/RealmSwift.framework",
			);
			name = "[CP] Embed Pods Frameworks";
			outputPaths = (
				"${TARGET_BUILD_DIR}/${FRAMEWORKS_FOLDER_PATH}/Realm.framework",
				"${TARGET_BUILD_DIR}/${FRAMEWORKS_FOLDER_PATH}/RealmSwift.framework",
			);
			runOnlyForDeploymentPostprocessing = 0;
			shellPath = /bin/sh;
			shellScript = "\"${SRCROOT}/Pods/Target Support Files/Pods-todoey/Pods-todoey-frameworks.sh\"\n";
			showEnvVarsInLog = 0;
		};
/* End PBXShellScriptBuildPhase section */

/* Begin PBXSourcesBuildPhase section */
		FAAF9DD62003A290001BF368 /* Sources */ = {
			isa = PBXSourcesBuildPhase;
			buildActionMask = 2147483647;
			files = (
				FAC73CB320093FB700C7D559 /* Item.swift in Sources */,
				FAC73CAF2007669400C7D559 /* CategoryViewController.swift in Sources */,
				FAAF9DE02003A290001BF368 /* TodoListViewController.swift in Sources */,
				FAAF9DDE2003A290001BF368 /* AppDelegate.swift in Sources */,
				FAC73CB520093FC200C7D559 /* Category.swift in Sources */,
			);
			runOnlyForDeploymentPostprocessing = 0;
		};
/* End PBXSourcesBuildPhase section */

/* Begin PBXVariantGroup section */
		FAAF9DE12003A290001BF368 /* Main.storyboard */ = {
			isa = PBXVariantGroup;
			children = (
				FAAF9DE22003A290001BF368 /* Base */,
			);
			name = Main.storyboard;
			sourceTree = "<group>";
		};
		FAAF9DE62003A290001BF368 /* LaunchScreen.storyboard */ = {
			isa = PBXVariantGroup;
			children = (
				FAAF9DE72003A290001BF368 /* Base */,
			);
			name = LaunchScreen.storyboard;
			sourceTree = "<group>";
		};
/* End PBXVariantGroup section */

/* Begin XCBuildConfiguration section */
		FAAF9DEA2003A290001BF368 /* Debug */ = {
			isa = XCBuildConfiguration;
			buildSettings = {
				ALWAYS_SEARCH_USER_PATHS = NO;
				CLANG_ANALYZER_NONNULL = YES;
				CLANG_ANALYZER_NUMBER_OBJECT_CONVERSION = YES_AGGRESSIVE;
				CLANG_CXX_LANGUAGE_STANDARD = "gnu++14";
				CLANG_CXX_LIBRARY = "libc++";
				CLANG_ENABLE_MODULES = YES;
				CLANG_ENABLE_OBJC_ARC = YES;
				CLANG_WARN_BLOCK_CAPTURE_AUTORELEASING = YES;
				CLANG_WARN_BOOL_CONVERSION = YES;
				CLANG_WARN_COMMA = YES;
				CLANG_WARN_CONSTANT_CONVERSION = YES;
				CLANG_WARN_DIRECT_OBJC_ISA_USAGE = YES_ERROR;
				CLANG_WARN_DOCUMENTATION_COMMENTS = YES;
				CLANG_WARN_EMPTY_BODY = YES;
				CLANG_WARN_ENUM_CONVERSION = YES;
				CLANG_WARN_INFINITE_RECURSION = YES;
				CLANG_WARN_INT_CONVERSION = YES;
				CLANG_WARN_NON_LITERAL_NULL_CONVERSION = YES;
				CLANG_WARN_OBJC_LITERAL_CONVERSION = YES;
				CLANG_WARN_OBJC_ROOT_CLASS = YES_ERROR;
				CLANG_WARN_RANGE_LOOP_ANALYSIS = YES;
				CLANG_WARN_STRICT_PROTOTYPES = YES;
				CLANG_WARN_SUSPICIOUS_MOVE = YES;
				CLANG_WARN_UNGUARDED_AVAILABILITY = YES_AGGRESSIVE;
				CLANG_WARN_UNREACHABLE_CODE = YES;
				CLANG_WARN__DUPLICATE_METHOD_MATCH = YES;
				CODE_SIGN_IDENTITY = "iPhone Developer";
				COPY_PHASE_STRIP = NO;
				DEBUG_INFORMATION_FORMAT = dwarf;
				ENABLE_STRICT_OBJC_MSGSEND = YES;
				ENABLE_TESTABILITY = YES;
				GCC_C_LANGUAGE_STANDARD = gnu11;
				GCC_DYNAMIC_NO_PIC = NO;
				GCC_NO_COMMON_BLOCKS = YES;
				GCC_OPTIMIZATION_LEVEL = 0;
				GCC_PREPROCESSOR_DEFINITIONS = (
					"DEBUG=1",
					"$(inherited)",
				);
				GCC_WARN_64_TO_32_BIT_CONVERSION = YES;
				GCC_WARN_ABOUT_RETURN_TYPE = YES_ERROR;
				GCC_WARN_UNDECLARED_SELECTOR = YES;
				GCC_WARN_UNINITIALIZED_AUTOS = YES_AGGRESSIVE;
				GCC_WARN_UNUSED_FUNCTION = YES;
				GCC_WARN_UNUSED_VARIABLE = YES;
				IPHONEOS_DEPLOYMENT_TARGET = 11.2;
				MTL_ENABLE_DEBUG_INFO = YES;
				ONLY_ACTIVE_ARCH = YES;
				SDKROOT = iphoneos;
				SWIFT_ACTIVE_COMPILATION_CONDITIONS = DEBUG;
				SWIFT_OPTIMIZATION_LEVEL = "-Onone";
			};
			name = Debug;
		};
		FAAF9DEB2003A290001BF368 /* Release */ = {
			isa = XCBuildConfiguration;
			buildSettings = {
				ALWAYS_SEARCH_USER_PATHS = NO;
				CLANG_ANALYZER_NONNULL = YES;
				CLANG_ANALYZER_NUMBER_OBJECT_CONVERSION = YES_AGGRESSIVE;
				CLANG_CXX_LANGUAGE_STANDARD = "gnu++14";
				CLANG_CXX_LIBRARY = "libc++";
				CLANG_ENABLE_MODULES = YES;
				CLANG_ENABLE_OBJC_ARC = YES;
				CLANG_WARN_BLOCK_CAPTURE_AUTORELEASING = YES;
				CLANG_WARN_BOOL_CONVERSION = YES;
				CLANG_WARN_COMMA = YES;
				CLANG_WARN_CONSTANT_CONVERSION = YES;
				CLANG_WARN_DIRECT_OBJC_ISA_USAGE = YES_ERROR;
				CLANG_WARN_DOCUMENTATION_COMMENTS = YES;
				CLANG_WARN_EMPTY_BODY = YES;
				CLANG_WARN_ENUM_CONVERSION = YES;
				CLANG_WARN_INFINITE_RECURSION = YES;
				CLANG_WARN_INT_CONVERSION = YES;
				CLANG_WARN_NON_LITERAL_NULL_CONVERSION = YES;
				CLANG_WARN_OBJC_LITERAL_CONVERSION = YES;
				CLANG_WARN_OBJC_ROOT_CLASS = YES_ERROR;
				CLANG_WARN_RANGE_LOOP_ANALYSIS = YES;
				CLANG_WARN_STRICT_PROTOTYPES = YES;
				CLANG_WARN_SUSPICIOUS_MOVE = YES;
				CLANG_WARN_UNGUARDED_AVAILABILITY = YES_AGGRESSIVE;
				CLANG_WARN_UNREACHABLE_CODE = YES;
				CLANG_WARN__DUPLICATE_METHOD_MATCH = YES;
				CODE_SIGN_IDENTITY = "iPhone Developer";
				COPY_PHASE_STRIP = NO;
				DEBUG_INFORMATION_FORMAT = "dwarf-with-dsym";
				ENABLE_NS_ASSERTIONS = NO;
				ENABLE_STRICT_OBJC_MSGSEND = YES;
				GCC_C_LANGUAGE_STANDARD = gnu11;
				GCC_NO_COMMON_BLOCKS = YES;
				GCC_WARN_64_TO_32_BIT_CONVERSION = YES;
				GCC_WARN_ABOUT_RETURN_TYPE = YES_ERROR;
				GCC_WARN_UNDECLARED_SELECTOR = YES;
				GCC_WARN_UNINITIALIZED_AUTOS = YES_AGGRESSIVE;
				GCC_WARN_UNUSED_FUNCTION = YES;
				GCC_WARN_UNUSED_VARIABLE = YES;
				IPHONEOS_DEPLOYMENT_TARGET = 11.2;
				MTL_ENABLE_DEBUG_INFO = NO;
				SDKROOT = iphoneos;
				SWIFT_OPTIMIZATION_LEVEL = "-Owholemodule";
				VALIDATE_PRODUCT = YES;
			};
			name = Release;
		};
		FAAF9DED2003A290001BF368 /* Debug */ = {
			isa = XCBuildConfiguration;
			baseConfigurationReference = 0B60D742ED189B6A5EFDECFA /* Pods-todoey.debug.xcconfig */;
			buildSettings = {
				ASSETCATALOG_COMPILER_APPICON_NAME = AppIcon;
				CODE_SIGN_STYLE = Automatic;
				INFOPLIST_FILE = todoey/Info.plist;
				LD_RUNPATH_SEARCH_PATHS = "$(inherited) @executable_path/Frameworks";
				PRODUCT_BUNDLE_IDENTIFIER = com.company.todoey;
				PRODUCT_NAME = "$(TARGET_NAME)";
				SWIFT_VERSION = 4.0;
				TARGETED_DEVICE_FAMILY = "1,2";
			};
			name = Debug;
		};
		FAAF9DEE2003A290001BF368 /* Release */ = {
			isa = XCBuildConfiguration;
			baseConfigurationReference = C6FBAFE3F24FF5CCE283EF77 /* Pods-todoey.release.xcconfig */;
			buildSettings = {
				ASSETCATALOG_COMPILER_APPICON_NAME = AppIcon;
				CODE_SIGN_STYLE = Automatic;
				INFOPLIST_FILE = todoey/Info.plist;
				LD_RUNPATH_SEARCH_PATHS = "$(inherited) @executable_path/Frameworks";
				PRODUCT_BUNDLE_IDENTIFIER = com.company.todoey;
				PRODUCT_NAME = "$(TARGET_NAME)";
				SWIFT_VERSION = 4.0;
				TARGETED_DEVICE_FAMILY = "1,2";
			};
			name = Release;
		};
/* End XCBuildConfiguration section */

/* Begin XCConfigurationList section */
		FAAF9DD52003A290001BF368 /* Build configuration list for PBXProject "todoey" */ = {
			isa = XCConfigurationList;
			buildConfigurations = (
				FAAF9DEA2003A290001BF368 /* Debug */,
				FAAF9DEB2003A290001BF368 /* Release */,
			);
			defaultConfigurationIsVisible = 0;
			defaultConfigurationName = Release;
		};
		FAAF9DEC2003A290001BF368 /* Build configuration list for PBXNativeTarget "todoey" */ = {
			isa = XCConfigurationList;
			buildConfigurations = (
				FAAF9DED2003A290001BF368 /* Debug */,
				FAAF9DEE2003A290001BF368 /* Release */,
			);
			defaultConfigurationIsVisible = 0;
			defaultConfigurationName = Release;
		};
/* End XCConfigurationList section */
	};
	rootObject = FAAF9DD22003A290001BF368 /* Project object */;
}
